{
  "name": "event-verifier",
  "version": "1.0.0",
  "lockfileVersion": 3,
  "requires": true,
  "packages": {
    "": {
      "name": "event-verifier",
      "version": "1.0.0",
      "license": "ISC",
      "dependencies": {
        "@cosmjs/cosmwasm-stargate": "^0.35.0",
        "@cosmjs/proto-signing": "^0.35.0",
        "@cosmjs/stargate": "^0.35.0",
        "js-sha3": "^0.9.3"
      }
    },
    "node_modules/@cosmjs/amino": {
      "version": "0.35.0",
      "resolved": "https://registry.npmjs.org/@cosmjs/amino/-/amino-0.35.0.tgz",
      "integrity": "sha512-T8XYRhNY+ulTdWDESQYT5b1HQ44naTrJDddPqKxWxhd1m6XMjUvXuUDQKdxi4I6W3pBpYg6KibcZnXLupbUBhw==",
      "dependencies": {
        "@cosmjs/crypto": "^0.35.0",
        "@cosmjs/encoding": "^0.35.0",
        "@cosmjs/math": "^0.35.0",
        "@cosmjs/utils": "^0.35.0"
      }
    },
    "node_modules/@cosmjs/cosmwasm-stargate": {
      "version": "0.35.0",
      "resolved": "https://registry.npmjs.org/@cosmjs/cosmwasm-stargate/-/cosmwasm-stargate-0.35.0.tgz",
      "integrity": "sha512-DSNAXgYZl6ymot04HScdtTKS2bc5Yw3OShiv242+MaFLEVSL7aUfFNTKKI/jG/dTnILAXiZhv9r+RN04zLHvvg==",
      "dependencies": {
        "@cosmjs/amino": "^0.35.0",
        "@cosmjs/crypto": "^0.35.0",
        "@cosmjs/encoding": "^0.35.0",
        "@cosmjs/math": "^0.35.0",
        "@cosmjs/proto-signing": "^0.35.0",
        "@cosmjs/stargate": "^0.35.0",
        "@cosmjs/tendermint-rpc": "^0.35.0",
        "@cosmjs/utils": "^0.35.0",
        "cosmjs-types": "^0.10.1",
        "pako": "^2.1.0"
      }
    },
    "node_modules/@cosmjs/crypto": {
      "version": "0.35.0",
      "resolved": "https://registry.npmjs.org/@cosmjs/crypto/-/crypto-0.35.0.tgz",
      "integrity": "sha512-nkJh3gkJEPO9qxaheZ/2au3N9losnBTKjIrFHxbXNqhYVMUF138cs06doVMM669v0uzFPzPEmMAbV2BBt34fZw==",
      "dependencies": {
        "@cosmjs/encoding": "^0.35.0",
        "@cosmjs/math": "^0.35.0",
        "@cosmjs/utils": "^0.35.0",
        "@noble/curves": "^1.9.2",
        "@noble/hashes": "^1",
        "libsodium-wrappers-sumo": "^0.7.11"
      }
    },
    "node_modules/@cosmjs/encoding": {
      "version": "0.35.0",
      "resolved": "https://registry.npmjs.org/@cosmjs/encoding/-/encoding-0.35.0.tgz",
      "integrity": "sha512-cBiQNvCcy0GyPGInDhbDpX4uqMvv5IVdoMxW4A7JymKHLlTKQ/2QA3Kx4Q7ri/vxYeCCd2DRXKj+payIBL/4aw==",
      "dependencies": {
        "base64-js": "^1.3.0",
        "bech32": "^1.1.4",
        "readonly-date": "^1.0.0"
      }
    },
    "node_modules/@cosmjs/json-rpc": {
      "version": "0.35.0",
      "resolved": "https://registry.npmjs.org/@cosmjs/json-rpc/-/json-rpc-0.35.0.tgz",
      "integrity": "sha512-/L7WNLA2F6v5f6RFuc9dQwmQvp6782GVWf222eNUT7uCoxp+0w11r54UvfeXBJ/AnTuu4ODOgdYI8n8lmD0AQQ==",
      "dependencies": {
        "@cosmjs/stream": "^0.35.0",
        "xstream": "^11.14.0"
      }
    },
    "node_modules/@cosmjs/math": {
      "version": "0.35.0",
      "resolved": "https://registry.npmjs.org/@cosmjs/math/-/math-0.35.0.tgz",
      "integrity": "sha512-qHxgsDSPJLITzCwkDvDGQSoIJIZKmCHr9XlKm71Mrxbt16PLg60smfEczKSgJOeX6x3OAOW9B+SFFFHSpWh7LA=="
    },
    "node_modules/@cosmjs/proto-signing": {
      "version": "0.35.0",
      "resolved": "https://registry.npmjs.org/@cosmjs/proto-signing/-/proto-signing-0.35.0.tgz",
      "integrity": "sha512-BVmQlBhh6imvBpIdqGN7qzBmiXnBAz+HcmLo31nscIu7TRLB4m6azg84d6AV84g3J2cCtZEZfeQ6V+c14ktUrQ==",
      "dependencies": {
        "@cosmjs/amino": "^0.35.0",
        "@cosmjs/crypto": "^0.35.0",
        "@cosmjs/encoding": "^0.35.0",
        "@cosmjs/math": "^0.35.0",
        "@cosmjs/utils": "^0.35.0",
        "cosmjs-types": "^0.10.1"
      }
    },
    "node_modules/@cosmjs/socket": {
      "version": "0.35.0",
      "resolved": "https://registry.npmjs.org/@cosmjs/socket/-/socket-0.35.0.tgz",
      "integrity": "sha512-7Z6AbvYiEp2IM7vxkLuTNfnd3doCuOInWEvqWPDN6/JETvP8HNm64CoufQNIEOgPpz15MrbUrDj+CoHhL3qY0g==",
      "dependencies": {
        "@cosmjs/stream": "^0.35.0",
        "isomorphic-ws": "^4.0.1",
        "ws": "^7",
        "xstream": "^11.14.0"
      }
    },
    "node_modules/@cosmjs/stargate": {
      "version": "0.35.0",
      "resolved": "https://registry.npmjs.org/@cosmjs/stargate/-/stargate-0.35.0.tgz",
      "integrity": "sha512-fd29Fl2EQYAdpjh4i4jvNC6pu6V4adPTyeqF18ApGfy6IgVh6+9XhhE5744vA2uJ2Z8r/NrP/8CaVmSozfYG5g==",
      "dependencies": {
        "@cosmjs/amino": "^0.35.0",
        "@cosmjs/encoding": "^0.35.0",
        "@cosmjs/math": "^0.35.0",
        "@cosmjs/proto-signing": "^0.35.0",
        "@cosmjs/stream": "^0.35.0",
        "@cosmjs/tendermint-rpc": "^0.35.0",
        "@cosmjs/utils": "^0.35.0",
        "cosmjs-types": "^0.10.1"
      }
    },
    "node_modules/@cosmjs/stream": {
      "version": "0.35.0",
      "resolved": "https://registry.npmjs.org/@cosmjs/stream/-/stream-0.35.0.tgz",
      "integrity": "sha512-5pzWV69Jvi9G2nzCiNT1KwO4IDdQvy7X5CHShhNs4u4/fObQx7Y3lkO3BuX2t2C4X4yMZFI1FyBvnygzehoQhA==",
      "dependencies": {
        "xstream": "^11.14.0"
      }
    },
    "node_modules/@cosmjs/tendermint-rpc": {
      "version": "0.35.0",
      "resolved": "https://registry.npmjs.org/@cosmjs/tendermint-rpc/-/tendermint-rpc-0.35.0.tgz",
      "integrity": "sha512-00BhQLe33TAIr8lyM1Eec7xPK4cj+QekiZXtVdp0B9ox5XDNPH9dTQZbpGTc7+d8vYqUBAFc5tsJ6PVy8E245w==",
      "dependencies": {
        "@cosmjs/crypto": "^0.35.0",
        "@cosmjs/encoding": "^0.35.0",
        "@cosmjs/json-rpc": "^0.35.0",
        "@cosmjs/math": "^0.35.0",
        "@cosmjs/socket": "^0.35.0",
        "@cosmjs/stream": "^0.35.0",
        "@cosmjs/utils": "^0.35.0",
        "readonly-date": "^1.0.0",
        "xstream": "^11.14.0"
      }
    },
    "node_modules/@cosmjs/utils": {
      "version": "0.35.0",
      "resolved": "https://registry.npmjs.org/@cosmjs/utils/-/utils-0.35.0.tgz",
      "integrity": "sha512-yugOfv3Yk7YdOGXa2LPoubOa+UqwpaVDVJ/qURxix4kMbKxgAz6VD+2ti4UuxTTt51MrK0VWJcQZc5N2xucifA=="
    },
    "node_modules/@noble/curves": {
      "version": "1.9.6",
      "resolved": "https://registry.npmjs.org/@noble/curves/-/curves-1.9.6.tgz",
      "integrity": "sha512-GIKz/j99FRthB8icyJQA51E8Uk5hXmdyThjgQXRKiv9h0zeRlzSCLIzFw6K1LotZ3XuB7yzlf76qk7uBmTdFqA==",
      "dependencies": {
        "@noble/hashes": "1.8.0"
      },
      "engines": {
        "node": "^14.21.3 || >=16"
      },
      "funding": {
        "url": "https://paulmillr.com/funding/"
      }
    },
    "node_modules/@noble/hashes": {
      "version": "1.8.0",
      "resolved": "https://registry.npmjs.org/@noble/hashes/-/hashes-1.8.0.tgz",
      "integrity": "sha512-jCs9ldd7NwzpgXDIf6P3+NrHh9/sD6CQdxHyjQI+h/6rDNo88ypBxxz45UDuZHz9r3tNz7N/VInSVoVdtXEI4A==",
      "engines": {
        "node": "^14.21.3 || >=16"
      },
      "funding": {
        "url": "https://paulmillr.com/funding/"
      }
    },
    "node_modules/base64-js": {
      "version": "1.5.1",
      "resolved": "https://registry.npmjs.org/base64-js/-/base64-js-1.5.1.tgz",
      "integrity": "sha512-AKpaYlHn8t4SVbOHCy+b5+KKgvR4vrsD8vbvrbiQJps7fKDTkjkDry6ji0rUJjC0kzbNePLwzxq8iypo41qeWA==",
      "funding": [
        {
          "type": "github",
          "url": "https://github.com/sponsors/feross"
        },
        {
          "type": "patreon",
          "url": "https://www.patreon.com/feross"
        },
        {
          "type": "consulting",
          "url": "https://feross.org/support"
        }
      ]
    },
    "node_modules/bech32": {
      "version": "1.1.4",
      "resolved": "https://registry.npmjs.org/bech32/-/bech32-1.1.4.tgz",
      "integrity": "sha512-s0IrSOzLlbvX7yp4WBfPITzpAU8sqQcpsmwXDiKwrG4r491vwCO/XpejasRNl0piBMe/DvP4Tz0mIS/X1DPJBQ=="
    },
    "node_modules/cosmjs-types": {
      "version": "0.10.1",
      "resolved": "https://registry.npmjs.org/cosmjs-types/-/cosmjs-types-0.10.1.tgz",
      "integrity": "sha512-CENXb4O5GN+VyB68HYXFT2SOhv126Z59631rZC56m8uMWa6/cSlFeai8BwZGT1NMepw0Ecf+U8XSOnBzZUWh9Q=="
    },
    "node_modules/define-data-property": {
      "version": "1.1.4",
      "resolved": "https://registry.npmjs.org/define-data-property/-/define-data-property-1.1.4.tgz",
      "integrity": "sha512-rBMvIzlpA8v6E+SJZoo++HAYqsLrkg7MSfIinMPFhmkorw7X+dOXVJQs+QT69zGkzMyfDnIMN2Wid1+NbL3T+A==",
      "dependencies": {
        "es-define-property": "^1.0.0",
        "es-errors": "^1.3.0",
        "gopd": "^1.0.1"
      },
      "engines": {
        "node": ">= 0.4"
      },
      "funding": {
        "url": "https://github.com/sponsors/ljharb"
      }
    },
    "node_modules/define-properties": {
      "version": "1.2.1",
      "resolved": "https://registry.npmjs.org/define-properties/-/define-properties-1.2.1.tgz",
      "integrity": "sha512-8QmQKqEASLd5nx0U1B1okLElbUuuttJ/AnYmRXbbbGDWh6uS208EjD4Xqq/I9wK7u0v6O08XhTWnt5XtEbR6Dg==",
      "dependencies": {
        "define-data-property": "^1.0.1",
        "has-property-descriptors": "^1.0.0",
        "object-keys": "^1.1.1"
      },
      "engines": {
        "node": ">= 0.4"
      },
      "funding": {
        "url": "https://github.com/sponsors/ljharb"
      }
    },
    "node_modules/es-define-property": {
      "version": "1.0.1",
      "resolved": "https://registry.npmjs.org/es-define-property/-/es-define-property-1.0.1.tgz",
      "integrity": "sha512-e3nRfgfUZ4rNGL232gUgX06QNyyez04KdjFrF+LTRoOXmrOgFKDg4BCdsjW8EnT69eqdYGmRpJwiPVYNrCaW3g==",
      "engines": {
        "node": ">= 0.4"
      }
    },
    "node_modules/es-errors": {
      "version": "1.3.0",
      "resolved": "https://registry.npmjs.org/es-errors/-/es-errors-1.3.0.tgz",
      "integrity": "sha512-Zf5H2Kxt2xjTvbJvP2ZWLEICxA6j+hAmMzIlypy4xcBg1vKVnx89Wy0GbS+kf5cwCVFFzdCFh2XSCFNULS6csw==",
      "engines": {
        "node": ">= 0.4"
      }
    },
    "node_modules/globalthis": {
      "version": "1.0.4",
      "resolved": "https://registry.npmjs.org/globalthis/-/globalthis-1.0.4.tgz",
      "integrity": "sha512-DpLKbNU4WylpxJykQujfCcwYWiV/Jhm50Goo0wrVILAv5jOr9d+H+UR3PhSCD2rCCEIg0uc+G+muBTwD54JhDQ==",
      "dependencies": {
        "define-properties": "^1.2.1",
        "gopd": "^1.0.1"
      },
      "engines": {
        "node": ">= 0.4"
      },
      "funding": {
        "url": "https://github.com/sponsors/ljharb"
      }
    },
    "node_modules/gopd": {
      "version": "1.2.0",
      "resolved": "https://registry.npmjs.org/gopd/-/gopd-1.2.0.tgz",
      "integrity": "sha512-ZUKRh6/kUFoAiTAtTYPZJ3hw9wNxx+BIBOijnlG9PnrJsCcSjs1wyyD6vJpaYtgnzDrKYRSqf3OO6Rfa93xsRg==",
      "engines": {
        "node": ">= 0.4"
      },
      "funding": {
        "url": "https://github.com/sponsors/ljharb"
      }
    },
    "node_modules/has-property-descriptors": {
      "version": "1.0.2",
      "resolved": "https://registry.npmjs.org/has-property-descriptors/-/has-property-descriptors-1.0.2.tgz",
      "integrity": "sha512-55JNKuIW+vq4Ke1BjOTjM2YctQIvCT7GFzHwmfZPGo5wnrgkid0YQtnAleFSqumZm4az3n2BS+erby5ipJdgrg==",
      "dependencies": {
        "es-define-property": "^1.0.0"
      },
      "funding": {
        "url": "https://github.com/sponsors/ljharb"
      }
    },
    "node_modules/isomorphic-ws": {
      "version": "4.0.1",
      "resolved": "https://registry.npmjs.org/isomorphic-ws/-/isomorphic-ws-4.0.1.tgz",
      "integrity": "sha512-BhBvN2MBpWTaSHdWRb/bwdZJ1WaehQ2L1KngkCkfLUGF0mAWAT1sQUQacEmQ0jXkFw/czDXPNQSL5u2/Krsz1w==",
      "peerDependencies": {
        "ws": "*"
      }
    },
    "node_modules/js-sha3": {
      "version": "0.9.3",
      "resolved": "https://registry.npmjs.org/js-sha3/-/js-sha3-0.9.3.tgz",
      "integrity": "sha512-BcJPCQeLg6WjEx3FE591wVAevlli8lxsxm9/FzV4HXkV49TmBH38Yvrpce6fjbADGMKFrBMGTqrVz3qPIZ88Gg=="
    },
    "node_modules/libsodium-sumo": {
      "version": "0.7.15",
      "resolved": "https://registry.npmjs.org/libsodium-sumo/-/libsodium-sumo-0.7.15.tgz",
      "integrity": "sha512-5tPmqPmq8T8Nikpm1Nqj0hBHvsLFCXvdhBFV7SGOitQPZAA6jso8XoL0r4L7vmfKXr486fiQInvErHtEvizFMw=="
    },
    "node_modules/libsodium-wrappers-sumo": {
      "version": "0.7.15",
      "resolved": "https://registry.npmjs.org/libsodium-wrappers-sumo/-/libsodium-wrappers-sumo-0.7.15.tgz",
      "integrity": "sha512-aSWY8wKDZh5TC7rMvEdTHoyppVq/1dTSAeAR7H6pzd6QRT3vQWcT5pGwCotLcpPEOLXX6VvqihSPkpEhYAjANA==",
      "dependencies": {
        "libsodium-sumo": "^0.7.15"
      }
    },
    "node_modules/object-keys": {
      "version": "1.1.1",
      "resolved": "https://registry.npmjs.org/object-keys/-/object-keys-1.1.1.tgz",
      "integrity": "sha512-NuAESUOUMrlIXOfHKzD6bpPu3tYt3xvjNdRIQ+FeT0lNb4K8WR70CaDxhuNguS2XG+GjkyMwOzsN5ZktImfhLA==",
      "engines": {
        "node": ">= 0.4"
      }
    },
    "node_modules/pako": {
      "version": "2.1.0",
      "resolved": "https://registry.npmjs.org/pako/-/pako-2.1.0.tgz",
      "integrity": "sha512-w+eufiZ1WuJYgPXbV/PO3NCMEc3xqylkKHzp8bxp1uW4qaSNQUkwmLLEc3kKsfz8lpV1F8Ht3U1Cm+9Srog2ug=="
    },
    "node_modules/readonly-date": {
      "version": "1.0.0",
      "resolved": "https://registry.npmjs.org/readonly-date/-/readonly-date-1.0.0.tgz",
      "integrity": "sha512-tMKIV7hlk0h4mO3JTmmVuIlJVXjKk3Sep9Bf5OH0O+758ruuVkUy2J9SttDLm91IEX/WHlXPSpxMGjPj4beMIQ=="
    },
    "node_modules/symbol-observable": {
      "version": "2.0.3",
      "resolved": "https://registry.npmjs.org/symbol-observable/-/symbol-observable-2.0.3.tgz",
      "integrity": "sha512-sQV7phh2WCYAn81oAkakC5qjq2Ml0g8ozqz03wOGnx9dDlG1de6yrF+0RAzSJD8fPUow3PTSMf2SAbOGxb93BA==",
      "engines": {
        "node": ">=0.10"
      }
    },
    "node_modules/ws": {
      "version": "7.5.10",
      "resolved": "https://registry.npmjs.org/ws/-/ws-7.5.10.tgz",
      "integrity": "sha512-+dbF1tHwZpXcbOJdVOkzLDxZP1ailvSxM6ZweXTegylPny803bFhA+vqBYw4s31NSAk4S2Qz+AKXK9a4wkdjcQ==",
      "engines": {
        "node": ">=8.3.0"
      },
      "peerDependencies": {
        "bufferutil": "^4.0.1",
        "utf-8-validate": "^5.0.2"
      },
      "peerDependenciesMeta": {
        "bufferutil": {
          "optional": true
        },
        "utf-8-validate": {
          "optional": true
        }
      }
    },
    "node_modules/xstream": {
      "version": "11.14.0",
      "resolved": "https://registry.npmjs.org/xstream/-/xstream-11.14.0.tgz",
      "integrity": "sha512-1bLb+kKKtKPbgTK6i/BaoAn03g47PpFstlbe1BA+y3pNS/LfvcaghS5BFf9+EE1J+KwSQsEpfJvFN5GqFtiNmw==",
      "dependencies": {
        "globalthis": "^1.0.1",
        "symbol-observable": "^2.0.3"
      }
    }
  }
}
